// !$*UTF8*$!
{
	archiveVersion = 1;
	classes = {
	};
	objectVersion = 50;
	objects = {

/* Begin PBXBuildFile section */
		044B653D214A808C0098FEF4 /* SimpleTableViewCell1.m in Sources */ = {isa = PBXBuildFile; fileRef = 044B653B214A808C0098FEF4 /* SimpleTableViewCell1.m */; };
		044B653E214A808C0098FEF4 /* SimpleTableViewCell1.xib in Resources */ = {isa = PBXBuildFile; fileRef = 044B653C214A808C0098FEF4 /* SimpleTableViewCell1.xib */; };
		044B6544214A80D90098FEF4 /* SimpleTableViewCell2.m in Sources */ = {isa = PBXBuildFile; fileRef = 044B6542214A80D90098FEF4 /* SimpleTableViewCell2.m */; };
		044B6545214A80D90098FEF4 /* SimpleTableViewCell2.xib in Resources */ = {isa = PBXBuildFile; fileRef = 044B6543214A80D90098FEF4 /* SimpleTableViewCell2.xib */; };
		044B6549214A8E2F0098FEF4 /* eye3@1x.png in Resources */ = {isa = PBXBuildFile; fileRef = 044B6546214A8E2E0098FEF4 /* eye3@1x.png */; };
		044B654A214A8E2F0098FEF4 /* eye5@3x.png in Resources */ = {isa = PBXBuildFile; fileRef = 044B6547214A8E2E0098FEF4 /* eye5@3x.png */; };
		044B654B214A8E2F0098FEF4 /* eye4@2x.png in Resources */ = {isa = PBXBuildFile; fileRef = 044B6548214A8E2E0098FEF4 /* eye4@2x.png */; };
		044B654F214A8FAE0098FEF4 /* location4@2x.png in Resources */ = {isa = PBXBuildFile; fileRef = 044B654C214A8FAE0098FEF4 /* location4@2x.png */; };
		044B6550214A8FAE0098FEF4 /* location5@3x.png in Resources */ = {isa = PBXBuildFile; fileRef = 044B654D214A8FAE0098FEF4 /* location5@3x.png */; };
		044B6551214A8FAE0098FEF4 /* location3@1x.png in Resources */ = {isa = PBXBuildFile; fileRef = 044B654E214A8FAE0098FEF4 /* location3@1x.png */; };
		044B6554214A97960098FEF4 /* VideoViewController.mm in Sources */ = {isa = PBXBuildFile; fileRef = 044B6553214A97960098FEF4 /* VideoViewController.mm */; };
		044B6557214A97BF0098FEF4 /* ImageViewController.mm in Sources */ = {isa = PBXBuildFile; fileRef = 044B6556214A97BF0098FEF4 /* ImageViewController.mm */; };
		044B655A214A9B190098FEF4 /* SelectVisualizerTypeController.mm in Sources */ = {isa = PBXBuildFile; fileRef = 044B6559214A9B190098FEF4 /* SelectVisualizerTypeController.mm */; };
		044B655E214A9B5A0098FEF4 /* VideoViewCell.m in Sources */ = {isa = PBXBuildFile; fileRef = 044B655C214A9B5A0098FEF4 /* VideoViewCell.m */; };
		044B655F214A9B5A0098FEF4 /* VideoViewCell.xib in Resources */ = {isa = PBXBuildFile; fileRef = 044B655D214A9B5A0098FEF4 /* VideoViewCell.xib */; };
		044B6563214A9B710098FEF4 /* ImageViewCell.m in Sources */ = {isa = PBXBuildFile; fileRef = 044B6561214A9B710098FEF4 /* ImageViewCell.m */; };
		044B6564214A9B710098FEF4 /* ImageViewCell.xib in Resources */ = {isa = PBXBuildFile; fileRef = 044B6562214A9B710098FEF4 /* ImageViewCell.xib */; };
		044B6568214A9C3D0098FEF4 /* cardview.m in Sources */ = {isa = PBXBuildFile; fileRef = 044B6567214A9C3D0098FEF4 /* cardview.m */; };
		044B656C214AA0260098FEF4 /* indoor5@3x.png in Resources */ = {isa = PBXBuildFile; fileRef = 044B6569214AA0250098FEF4 /* indoor5@3x.png */; };
		044B656D214AA0260098FEF4 /* indoor3@1x.png in Resources */ = {isa = PBXBuildFile; fileRef = 044B656A214AA0250098FEF4 /* indoor3@1x.png */; };
		044B656E214AA0260098FEF4 /* indoor4@2x.png in Resources */ = {isa = PBXBuildFile; fileRef = 044B656B214AA0250098FEF4 /* indoor4@2x.png */; };
		044B6572214AB0340098FEF4 /* xleftpng.png in Resources */ = {isa = PBXBuildFile; fileRef = 044B6571214AB0340098FEF4 /* xleftpng.png */; };
		044B6575214AC4AA0098FEF4 /* MapViewController.m in Sources */ = {isa = PBXBuildFile; fileRef = 044B6574214AC4AA0098FEF4 /* MapViewController.m */; };
		044B6577214AC5640098FEF4 /* MapKit.framework in Frameworks */ = {isa = PBXBuildFile; fileRef = 044B6576214AC5640098FEF4 /* MapKit.framework */; };
		044B657A214ACCC00098FEF4 /* MapPin.m in Sources */ = {isa = PBXBuildFile; fileRef = 044B6579214ACCC00098FEF4 /* MapPin.m */; };
		04912DE32146E5CD00A9B874 /* DetailsViewController.mm in Sources */ = {isa = PBXBuildFile; fileRef = 04912DE22146E5CD00A9B874 /* DetailsViewController.mm */; };
		04ACEA0F213802D8008C5AA9 /* AppDelegate.m in Sources */ = {isa = PBXBuildFile; fileRef = 04ACEA0E213802D8008C5AA9 /* AppDelegate.m */; };
		04ACEA12213802D8008C5AA9 /* ViewController.mm in Sources */ = {isa = PBXBuildFile; fileRef = 04ACEA11213802D8008C5AA9 /* ViewController.mm */; };
		04ACEA15213802D8008C5AA9 /* Main.storyboard in Resources */ = {isa = PBXBuildFile; fileRef = 04ACEA13213802D8008C5AA9 /* Main.storyboard */; };
		04ACEA17213802DA008C5AA9 /* Assets.xcassets in Resources */ = {isa = PBXBuildFile; fileRef = 04ACEA16213802DA008C5AA9 /* Assets.xcassets */; };
		04ACEA1A213802DA008C5AA9 /* LaunchScreen.storyboard in Resources */ = {isa = PBXBuildFile; fileRef = 04ACEA18213802DA008C5AA9 /* LaunchScreen.storyboard */; };
		04ACEA1D213802DA008C5AA9 /* main.m in Sources */ = {isa = PBXBuildFile; fileRef = 04ACEA1C213802DA008C5AA9 /* main.m */; };
		04ACEA25213808A5008C5AA9 /* SimpleTableCell.xib in Resources */ = {isa = PBXBuildFile; fileRef = 04ACEA24213808A5008C5AA9 /* SimpleTableCell.xib */; };
		04ACEA28213809D5008C5AA9 /* SimpleTableViewCell.m in Sources */ = {isa = PBXBuildFile; fileRef = 04ACEA27213809D5008C5AA9 /* SimpleTableViewCell.m */; };
		04ACEA2B21380FCB008C5AA9 /* realngn.png in Resources */ = {isa = PBXBuildFile; fileRef = 04ACEA2A21380FCB008C5AA9 /* realngn.png */; };
		04AE06F7214990710026F25A /* opencv2.framework in Frameworks */ = {isa = PBXBuildFile; fileRef = 04AE06F6214990710026F25A /* opencv2.framework */; };
		04AE0700214990B60026F25A /* CoreGraphics.framework in Frameworks */ = {isa = PBXBuildFile; fileRef = 04AE06F9214990B60026F25A /* CoreGraphics.framework */; };
		04AE0701214990B60026F25A /* AVFoundation.framework in Frameworks */ = {isa = PBXBuildFile; fileRef = 04AE06FA214990B60026F25A /* AVFoundation.framework */; };
		04AE0702214990B60026F25A /* AssetsLibrary.framework in Frameworks */ = {isa = PBXBuildFile; fileRef = 04AE06FB214990B60026F25A /* AssetsLibrary.framework */; };
		04AE0703214990B60026F25A /* CoreMedia.framework in Frameworks */ = {isa = PBXBuildFile; fileRef = 04AE06FC214990B60026F25A /* CoreMedia.framework */; };
		04AE0704214990B60026F25A /* CoreVideo.framework in Frameworks */ = {isa = PBXBuildFile; fileRef = 04AE06FD214990B60026F25A /* CoreVideo.framework */; };
		04AE0705214990B60026F25A /* QuartzCore.framework in Frameworks */ = {isa = PBXBuildFile; fileRef = 04AE06FE214990B60026F25A /* QuartzCore.framework */; };
		04AE0706214990B60026F25A /* Accelerate.framework in Frameworks */ = {isa = PBXBuildFile; fileRef = 04AE06FF214990B60026F25A /* Accelerate.framework */; };
		04AE070B2149942C0026F25A /* me.png in Resources */ = {isa = PBXBuildFile; fileRef = 04AE07072149942C0026F25A /* me.png */; };
		04AE070C2149942C0026F25A /* room.jpg in Resources */ = {isa = PBXBuildFile; fileRef = 04AE07082149942C0026F25A /* room.jpg */; };
		04AE070D2149942C0026F25A /* bae.jpg in Resources */ = {isa = PBXBuildFile; fileRef = 04AE07092149942C0026F25A /* bae.jpg */; };
		04AE070E2149942C0026F25A /* ass.png in Resources */ = {isa = PBXBuildFile; fileRef = 04AE070A2149942C0026F25A /* ass.png */; };
		04F859F6214BA0C400FF56CD /* CategoryViewController.mm in Sources */ = {isa = PBXBuildFile; fileRef = 04F859F5214BA0C400FF56CD /* CategoryViewController.mm */; };
		04F859FA214BA28300FF56CD /* nonDecorativeViewCell.m in Sources */ = {isa = PBXBuildFile; fileRef = 04F859F8214BA28300FF56CD /* nonDecorativeViewCell.m */; };
		04F859FB214BA28300FF56CD /* nonDecorativeViewCell.xib in Resources */ = {isa = PBXBuildFile; fileRef = 04F859F9214BA28300FF56CD /* nonDecorativeViewCell.xib */; };
		04F859FF214BA29D00FF56CD /* decorativeViewCell.m in Sources */ = {isa = PBXBuildFile; fileRef = 04F859FD214BA29D00FF56CD /* decorativeViewCell.m */; };
		04F85A00214BA29D00FF56CD /* decorativeViewCell.xib in Resources */ = {isa = PBXBuildFile; fileRef = 04F859FE214BA29D00FF56CD /* decorativeViewCell.xib */; };
		04F85A04214BD39F00FF56CD /* DetailsViewCell1.m in Sources */ = {isa = PBXBuildFile; fileRef = 04F85A02214BD39F00FF56CD /* DetailsViewCell1.m */; };
		04F85A05214BD39F00FF56CD /* DetailsViewCell1.xib in Resources */ = {isa = PBXBuildFile; fileRef = 04F85A03214BD39F00FF56CD /* DetailsViewCell1.xib */; };
		04F85A09214BD52C00FF56CD /* NonDecorative.m in Sources */ = {isa = PBXBuildFile; fileRef = 04F85A08214BD52C00FF56CD /* NonDecorative.m */; };
		04F85A0C214BD61C00FF56CD /* Decorative.m in Sources */ = {isa = PBXBuildFile; fileRef = 04F85A0B214BD61C00FF56CD /* Decorative.m */; };
		04F85A10214BEED500FF56CD /* DetailsViewCell2.m in Sources */ = {isa = PBXBuildFile; fileRef = 04F85A0E214BEED500FF56CD /* DetailsViewCell2.m */; };
		04F85A11214BEED500FF56CD /* DetailsViewCell2.xib in Resources */ = {isa = PBXBuildFile; fileRef = 04F85A0F214BEED500FF56CD /* DetailsViewCell2.xib */; };
		04F85A14214BEF0500FF56CD /* DetailsViewController2.mm in Sources */ = {isa = PBXBuildFile; fileRef = 04F85A13214BEF0500FF56CD /* DetailsViewController2.mm */; };
		04F85A17214BF91B00FF56CD /* ColorPalleteViewController.m in Sources */ = {isa = PBXBuildFile; fileRef = 04F85A16214BF91B00FF56CD /* ColorPalleteViewController.m */; };
/* End PBXBuildFile section */

/* Begin PBXFileReference section */
		044B653A214A808C0098FEF4 /* SimpleTableViewCell1.h */ = {isa = PBXFileReference; lastKnownFileType = sourcecode.c.h; path = SimpleTableViewCell1.h; sourceTree = "<group>"; };
		044B653B214A808C0098FEF4 /* SimpleTableViewCell1.m */ = {isa = PBXFileReference; lastKnownFileType = sourcecode.c.objc; path = SimpleTableViewCell1.m; sourceTree = "<group>"; };
		044B653C214A808C0098FEF4 /* SimpleTableViewCell1.xib */ = {isa = PBXFileReference; lastKnownFileType = file.xib; path = SimpleTableViewCell1.xib; sourceTree = "<group>"; };
		044B6541214A80D90098FEF4 /* SimpleTableViewCell2.h */ = {isa = PBXFileReference; lastKnownFileType = sourcecode.c.h; path = SimpleTableViewCell2.h; sourceTree = "<group>"; };
		044B6542214A80D90098FEF4 /* SimpleTableViewCell2.m */ = {isa = PBXFileReference; lastKnownFileType = sourcecode.c.objc; path = SimpleTableViewCell2.m; sourceTree = "<group>"; };
		044B6543214A80D90098FEF4 /* SimpleTableViewCell2.xib */ = {isa = PBXFileReference; lastKnownFileType = file.xib; path = SimpleTableViewCell2.xib; sourceTree = "<group>"; };
		044B6546214A8E2E0098FEF4 /* eye3@1x.png */ = {isa = PBXFileReference; lastKnownFileType = image.png; path = "eye3@1x.png"; sourceTree = "<group>"; };
		044B6547214A8E2E0098FEF4 /* eye5@3x.png */ = {isa = PBXFileReference; lastKnownFileType = image.png; path = "eye5@3x.png"; sourceTree = "<group>"; };
		044B6548214A8E2E0098FEF4 /* eye4@2x.png */ = {isa = PBXFileReference; lastKnownFileType = image.png; path = "eye4@2x.png"; sourceTree = "<group>"; };
		044B654C214A8FAE0098FEF4 /* location4@2x.png */ = {isa = PBXFileReference; lastKnownFileType = image.png; path = "location4@2x.png"; sourceTree = "<group>"; };
		044B654D214A8FAE0098FEF4 /* location5@3x.png */ = {isa = PBXFileReference; lastKnownFileType = image.png; path = "location5@3x.png"; sourceTree = "<group>"; };
		044B654E214A8FAE0098FEF4 /* location3@1x.png */ = {isa = PBXFileReference; lastKnownFileType = image.png; path = "location3@1x.png"; sourceTree = "<group>"; };
		044B6552214A97960098FEF4 /* VideoViewController.h */ = {isa = PBXFileReference; lastKnownFileType = sourcecode.c.h; path = VideoViewController.h; sourceTree = "<group>"; };
		044B6553214A97960098FEF4 /* VideoViewController.mm */ = {isa = PBXFileReference; lastKnownFileType = sourcecode.cpp.objcpp; path = VideoViewController.mm; sourceTree = "<group>"; };
		044B6555214A97BF0098FEF4 /* ImageViewController.h */ = {isa = PBXFileReference; lastKnownFileType = sourcecode.c.h; path = ImageViewController.h; sourceTree = "<group>"; };
		044B6556214A97BF0098FEF4 /* ImageViewController.mm */ = {isa = PBXFileReference; lastKnownFileType = sourcecode.cpp.objcpp; path = ImageViewController.mm; sourceTree = "<group>"; };
		044B6558214A9B190098FEF4 /* SelectVisualizerTypeController.h */ = {isa = PBXFileReference; lastKnownFileType = sourcecode.c.h; path = SelectVisualizerTypeController.h; sourceTree = "<group>"; };
		044B6559214A9B190098FEF4 /* SelectVisualizerTypeController.mm */ = {isa = PBXFileReference; lastKnownFileType = sourcecode.cpp.objcpp; path = SelectVisualizerTypeController.mm; sourceTree = "<group>"; };
		044B655B214A9B5A0098FEF4 /* VideoViewCell.h */ = {isa = PBXFileReference; lastKnownFileType = sourcecode.c.h; path = VideoViewCell.h; sourceTree = "<group>"; };
		044B655C214A9B5A0098FEF4 /* VideoViewCell.m */ = {isa = PBXFileReference; lastKnownFileType = sourcecode.c.objc; path = VideoViewCell.m; sourceTree = "<group>"; };
		044B655D214A9B5A0098FEF4 /* VideoViewCell.xib */ = {isa = PBXFileReference; lastKnownFileType = file.xib; path = VideoViewCell.xib; sourceTree = "<group>"; };
		044B6560214A9B710098FEF4 /* ImageViewCell.h */ = {isa = PBXFileReference; lastKnownFileType = sourcecode.c.h; path = ImageViewCell.h; sourceTree = "<group>"; };
		044B6561214A9B710098FEF4 /* ImageViewCell.m */ = {isa = PBXFileReference; lastKnownFileType = sourcecode.c.objc; path = ImageViewCell.m; sourceTree = "<group>"; };
		044B6562214A9B710098FEF4 /* ImageViewCell.xib */ = {isa = PBXFileReference; lastKnownFileType = file.xib; path = ImageViewCell.xib; sourceTree = "<group>"; };
		044B6566214A9C3D0098FEF4 /* cardview.h */ = {isa = PBXFileReference; lastKnownFileType = sourcecode.c.h; path = cardview.h; sourceTree = "<group>"; };
		044B6567214A9C3D0098FEF4 /* cardview.m */ = {isa = PBXFileReference; lastKnownFileType = sourcecode.c.objc; path = cardview.m; sourceTree = "<group>"; };
		044B6569214AA0250098FEF4 /* indoor5@3x.png */ = {isa = PBXFileReference; lastKnownFileType = image.png; path = "indoor5@3x.png"; sourceTree = "<group>"; };
		044B656A214AA0250098FEF4 /* indoor3@1x.png */ = {isa = PBXFileReference; lastKnownFileType = image.png; path = "indoor3@1x.png"; sourceTree = "<group>"; };
		044B656B214AA0250098FEF4 /* indoor4@2x.png */ = {isa = PBXFileReference; lastKnownFileType = image.png; path = "indoor4@2x.png"; sourceTree = "<group>"; };
		044B6571214AB0340098FEF4 /* xleftpng.png */ = {isa = PBXFileReference; lastKnownFileType = image.png; path = xleftpng.png; sourceTree = "<group>"; };
		044B6573214AC4AA0098FEF4 /* MapViewController.h */ = {isa = PBXFileReference; lastKnownFileType = sourcecode.c.h; path = MapViewController.h; sourceTree = "<group>"; };
		044B6574214AC4AA0098FEF4 /* MapViewController.m */ = {isa = PBXFileReference; lastKnownFileType = sourcecode.c.objc; path = MapViewController.m; sourceTree = "<group>"; };
		044B6576214AC5640098FEF4 /* MapKit.framework */ = {isa = PBXFileReference; lastKnownFileType = wrapper.framework; name = MapKit.framework; path = System/Library/Frameworks/MapKit.framework; sourceTree = SDKROOT; };
		044B6578214ACCC00098FEF4 /* MapPin.h */ = {isa = PBXFileReference; lastKnownFileType = sourcecode.c.h; path = MapPin.h; sourceTree = "<group>"; };
		044B6579214ACCC00098FEF4 /* MapPin.m */ = {isa = PBXFileReference; lastKnownFileType = sourcecode.c.objc; path = MapPin.m; sourceTree = "<group>"; };
		04912DE12146E5CD00A9B874 /* DetailsViewController.h */ = {isa = PBXFileReference; lastKnownFileType = sourcecode.c.h; path = DetailsViewController.h; sourceTree = "<group>"; };
		04912DE22146E5CD00A9B874 /* DetailsViewController.mm */ = {isa = PBXFileReference; lastKnownFileType = sourcecode.cpp.objcpp; path = DetailsViewController.mm; sourceTree = "<group>"; };
		04ACEA0A213802D8008C5AA9 /* ObjTables.app */ = {isa = PBXFileReference; explicitFileType = wrapper.application; includeInIndex = 0; path = ObjTables.app; sourceTree = BUILT_PRODUCTS_DIR; };
		04ACEA0D213802D8008C5AA9 /* AppDelegate.h */ = {isa = PBXFileReference; lastKnownFileType = sourcecode.c.h; path = AppDelegate.h; sourceTree = "<group>"; };
		04ACEA0E213802D8008C5AA9 /* AppDelegate.m */ = {isa = PBXFileReference; lastKnownFileType = sourcecode.c.objc; path = AppDelegate.m; sourceTree = "<group>"; };
		04ACEA10213802D8008C5AA9 /* ViewController.h */ = {isa = PBXFileReference; lastKnownFileType = sourcecode.c.h; path = ViewController.h; sourceTree = "<group>"; };
		04ACEA11213802D8008C5AA9 /* ViewController.mm */ = {isa = PBXFileReference; lastKnownFileType = sourcecode.cpp.objcpp; path = ViewController.mm; sourceTree = "<group>"; };
		04ACEA14213802D8008C5AA9 /* Base */ = {isa = PBXFileReference; lastKnownFileType = file.storyboard; name = Base; path = Base.lproj/Main.storyboard; sourceTree = "<group>"; };
		04ACEA16213802DA008C5AA9 /* Assets.xcassets */ = {isa = PBXFileReference; lastKnownFileType = folder.assetcatalog; path = Assets.xcassets; sourceTree = "<group>"; };
		04ACEA19213802DA008C5AA9 /* Base */ = {isa = PBXFileReference; lastKnownFileType = file.storyboard; name = Base; path = Base.lproj/LaunchScreen.storyboard; sourceTree = "<group>"; };
		04ACEA1B213802DA008C5AA9 /* Info.plist */ = {isa = PBXFileReference; lastKnownFileType = text.plist.xml; path = Info.plist; sourceTree = "<group>"; };
		04ACEA1C213802DA008C5AA9 /* main.m */ = {isa = PBXFileReference; lastKnownFileType = sourcecode.c.objc; path = main.m; sourceTree = "<group>"; };
		04ACEA24213808A5008C5AA9 /* SimpleTableCell.xib */ = {isa = PBXFileReference; lastKnownFileType = file.xib; path = SimpleTableCell.xib; sourceTree = "<group>"; };
		04ACEA26213809D5008C5AA9 /* SimpleTableViewCell.h */ = {isa = PBXFileReference; lastKnownFileType = sourcecode.c.h; path = SimpleTableViewCell.h; sourceTree = "<group>"; };
		04ACEA27213809D5008C5AA9 /* SimpleTableViewCell.m */ = {isa = PBXFileReference; lastKnownFileType = sourcecode.c.objc; path = SimpleTableViewCell.m; sourceTree = "<group>"; };
		04ACEA2A21380FCB008C5AA9 /* realngn.png */ = {isa = PBXFileReference; lastKnownFileType = image.png; name = realngn.png; path = ../../../../../../Downloads/realngn.png; sourceTree = "<group>"; };
		04AE06F6214990710026F25A /* opencv2.framework */ = {isa = PBXFileReference; lastKnownFileType = wrapper.framework; name = opencv2.framework; path = ../../../../../Downloads/opencv2.framework; sourceTree = "<group>"; };
		04AE06F9214990B60026F25A /* CoreGraphics.framework */ = {isa = PBXFileReference; lastKnownFileType = wrapper.framework; name = CoreGraphics.framework; path = System/Library/Frameworks/CoreGraphics.framework; sourceTree = SDKROOT; };
		04AE06FA214990B60026F25A /* AVFoundation.framework */ = {isa = PBXFileReference; lastKnownFileType = wrapper.framework; name = AVFoundation.framework; path = System/Library/Frameworks/AVFoundation.framework; sourceTree = SDKROOT; };
		04AE06FB214990B60026F25A /* AssetsLibrary.framework */ = {isa = PBXFileReference; lastKnownFileType = wrapper.framework; name = AssetsLibrary.framework; path = System/Library/Frameworks/AssetsLibrary.framework; sourceTree = SDKROOT; };
		04AE06FC214990B60026F25A /* CoreMedia.framework */ = {isa = PBXFileReference; lastKnownFileType = wrapper.framework; name = CoreMedia.framework; path = System/Library/Frameworks/CoreMedia.framework; sourceTree = SDKROOT; };
		04AE06FD214990B60026F25A /* CoreVideo.framework */ = {isa = PBXFileReference; lastKnownFileType = wrapper.framework; name = CoreVideo.framework; path = System/Library/Frameworks/CoreVideo.framework; sourceTree = SDKROOT; };
		04AE06FE214990B60026F25A /* QuartzCore.framework */ = {isa = PBXFileReference; lastKnownFileType = wrapper.framework; name = QuartzCore.framework; path = System/Library/Frameworks/QuartzCore.framework; sourceTree = SDKROOT; };
		04AE06FF214990B60026F25A /* Accelerate.framework */ = {isa = PBXFileReference; lastKnownFileType = wrapper.framework; name = Accelerate.framework; path = System/Library/Frameworks/Accelerate.framework; sourceTree = SDKROOT; };
		04AE07072149942C0026F25A /* me.png */ = {isa = PBXFileReference; lastKnownFileType = image.png; path = me.png; sourceTree = "<group>"; };
		04AE07082149942C0026F25A /* room.jpg */ = {isa = PBXFileReference; lastKnownFileType = image.jpeg; path = room.jpg; sourceTree = "<group>"; };
		04AE07092149942C0026F25A /* bae.jpg */ = {isa = PBXFileReference; lastKnownFileType = image.jpeg; path = bae.jpg; sourceTree = "<group>"; };
		04AE070A2149942C0026F25A /* ass.png */ = {isa = PBXFileReference; lastKnownFileType = image.png; path = ass.png; sourceTree = "<group>"; };
		04F859F4214BA0C400FF56CD /* CategoryViewController.h */ = {isa = PBXFileReference; lastKnownFileType = sourcecode.c.h; path = CategoryViewController.h; sourceTree = "<group>"; };
		04F859F5214BA0C400FF56CD /* CategoryViewController.mm */ = {isa = PBXFileReference; lastKnownFileType = sourcecode.cpp.objcpp; path = CategoryViewController.mm; sourceTree = "<group>"; };
		04F859F7214BA28300FF56CD /* nonDecorativeViewCell.h */ = {isa = PBXFileReference; lastKnownFileType = sourcecode.c.h; path = nonDecorativeViewCell.h; sourceTree = "<group>"; };
		04F859F8214BA28300FF56CD /* nonDecorativeViewCell.m */ = {isa = PBXFileReference; lastKnownFileType = sourcecode.c.objc; path = nonDecorativeViewCell.m; sourceTree = "<group>"; };
		04F859F9214BA28300FF56CD /* nonDecorativeViewCell.xib */ = {isa = PBXFileReference; lastKnownFileType = file.xib; path = nonDecorativeViewCell.xib; sourceTree = "<group>"; };
		04F859FC214BA29D00FF56CD /* decorativeViewCell.h */ = {isa = PBXFileReference; lastKnownFileType = sourcecode.c.h; path = decorativeViewCell.h; sourceTree = "<group>"; };
		04F859FD214BA29D00FF56CD /* decorativeViewCell.m */ = {isa = PBXFileReference; lastKnownFileType = sourcecode.c.objc; path = decorativeViewCell.m; sourceTree = "<group>"; };
		04F859FE214BA29D00FF56CD /* decorativeViewCell.xib */ = {isa = PBXFileReference; lastKnownFileType = file.xib; path = decorativeViewCell.xib; sourceTree = "<group>"; };
		04F85A01214BD39F00FF56CD /* DetailsViewCell1.h */ = {isa = PBXFileReference; lastKnownFileType = sourcecode.c.h; path = DetailsViewCell1.h; sourceTree = "<group>"; };
		04F85A02214BD39F00FF56CD /* DetailsViewCell1.m */ = {isa = PBXFileReference; lastKnownFileType = sourcecode.c.objc; path = DetailsViewCell1.m; sourceTree = "<group>"; };
		04F85A03214BD39F00FF56CD /* DetailsViewCell1.xib */ = {isa = PBXFileReference; lastKnownFileType = file.xib; path = DetailsViewCell1.xib; sourceTree = "<group>"; };
		04F85A07214BD52C00FF56CD /* NonDecorative.h */ = {isa = PBXFileReference; lastKnownFileType = sourcecode.c.h; path = NonDecorative.h; sourceTree = "<group>"; };
		04F85A08214BD52C00FF56CD /* NonDecorative.m */ = {isa = PBXFileReference; lastKnownFileType = sourcecode.c.objc; path = NonDecorative.m; sourceTree = "<group>"; };
		04F85A0A214BD61C00FF56CD /* Decorative.h */ = {isa = PBXFileReference; lastKnownFileType = sourcecode.c.h; path = Decorative.h; sourceTree = "<group>"; };
		04F85A0B214BD61C00FF56CD /* Decorative.m */ = {isa = PBXFileReference; lastKnownFileType = sourcecode.c.objc; path = Decorative.m; sourceTree = "<group>"; };
		04F85A0D214BEED500FF56CD /* DetailsViewCell2.h */ = {isa = PBXFileReference; lastKnownFileType = sourcecode.c.h; path = DetailsViewCell2.h; sourceTree = "<group>"; };
		04F85A0E214BEED500FF56CD /* DetailsViewCell2.m */ = {isa = PBXFileReference; lastKnownFileType = sourcecode.c.objc; path = DetailsViewCell2.m; sourceTree = "<group>"; };
		04F85A0F214BEED500FF56CD /* DetailsViewCell2.xib */ = {isa = PBXFileReference; lastKnownFileType = file.xib; path = DetailsViewCell2.xib; sourceTree = "<group>"; };
		04F85A12214BEF0500FF56CD /* DetailsViewController2.h */ = {isa = PBXFileReference; lastKnownFileType = sourcecode.c.h; path = DetailsViewController2.h; sourceTree = "<group>"; };
		04F85A13214BEF0500FF56CD /* DetailsViewController2.mm */ = {isa = PBXFileReference; lastKnownFileType = sourcecode.cpp.objcpp; path = DetailsViewController2.mm; sourceTree = "<group>"; };
		04F85A15214BF91B00FF56CD /* ColorPalleteViewController.h */ = {isa = PBXFileReference; lastKnownFileType = sourcecode.c.h; path = ColorPalleteViewController.h; sourceTree = "<group>"; };
		04F85A16214BF91B00FF56CD /* ColorPalleteViewController.m */ = {isa = PBXFileReference; lastKnownFileType = sourcecode.c.objc; path = ColorPalleteViewController.m; sourceTree = "<group>"; };
/* End PBXFileReference section */

/* Begin PBXFrameworksBuildPhase section */
		04ACEA07213802D8008C5AA9 /* Frameworks */ = {
			isa = PBXFrameworksBuildPhase;
			buildActionMask = 2147483647;
			files = (
				044B6577214AC5640098FEF4 /* MapKit.framework in Frameworks */,
				04AE06F7214990710026F25A /* opencv2.framework in Frameworks */,
				04AE0700214990B60026F25A /* CoreGraphics.framework in Frameworks */,
				04AE0701214990B60026F25A /* AVFoundation.framework in Frameworks */,
				04AE0702214990B60026F25A /* AssetsLibrary.framework in Frameworks */,
				04AE0703214990B60026F25A /* CoreMedia.framework in Frameworks */,
				04AE0704214990B60026F25A /* CoreVideo.framework in Frameworks */,
				04AE0705214990B60026F25A /* QuartzCore.framework in Frameworks */,
				04AE0706214990B60026F25A /* Accelerate.framework in Frameworks */,
			);
			runOnlyForDeploymentPostprocessing = 0;
		};
/* End PBXFrameworksBuildPhase section */

/* Begin PBXGroup section */
		044B6565214A9C140098FEF4 /* customviews */ = {
			isa = PBXGroup;
			children = (
				044B6566214A9C3D0098FEF4 /* cardview.h */,
				044B6567214A9C3D0098FEF4 /* cardview.m */,
			);
			path = customviews;
			sourceTree = "<group>";
		};
		04ACEA01213802D8008C5AA9 = {
			isa = PBXGroup;
			children = (
				04ACEA0C213802D8008C5AA9 /* ObjTables */,
				04ACEA0B213802D8008C5AA9 /* Products */,
				04AE06F8214990B60026F25A /* Frameworks */,
			);
			sourceTree = "<group>";
		};
		04ACEA0B213802D8008C5AA9 /* Products */ = {
			isa = PBXGroup;
			children = (
				04ACEA0A213802D8008C5AA9 /* ObjTables.app */,
			);
			name = Products;
			sourceTree = "<group>";
		};
		04ACEA0C213802D8008C5AA9 /* ObjTables */ = {
			isa = PBXGroup;
			children = (
				04F85A06214BD50700FF56CD /* Models */,
				044B6571214AB0340098FEF4 /* xleftpng.png */,
				044B656A214AA0250098FEF4 /* indoor3@1x.png */,
				044B656B214AA0250098FEF4 /* indoor4@2x.png */,
				044B6569214AA0250098FEF4 /* indoor5@3x.png */,
				044B6565214A9C140098FEF4 /* customviews */,
				044B654E214A8FAE0098FEF4 /* location3@1x.png */,
				044B654C214A8FAE0098FEF4 /* location4@2x.png */,
				044B654D214A8FAE0098FEF4 /* location5@3x.png */,
				044B6546214A8E2E0098FEF4 /* eye3@1x.png */,
				044B6548214A8E2E0098FEF4 /* eye4@2x.png */,
				044B6547214A8E2E0098FEF4 /* eye5@3x.png */,
				04AE070A2149942C0026F25A /* ass.png */,
				04AE07092149942C0026F25A /* bae.jpg */,
				04AE07072149942C0026F25A /* me.png */,
				04AE07082149942C0026F25A /* room.jpg */,
				04AE06F6214990710026F25A /* opencv2.framework */,
				04ACEA2921380F9E008C5AA9 /* images */,
				04ACEA232138087B008C5AA9 /* Cells */,
				04ACEA0D213802D8008C5AA9 /* AppDelegate.h */,
				04ACEA0E213802D8008C5AA9 /* AppDelegate.m */,
				04ACEA10213802D8008C5AA9 /* ViewController.h */,
				04ACEA11213802D8008C5AA9 /* ViewController.mm */,
				04ACEA13213802D8008C5AA9 /* Main.storyboard */,
				04ACEA16213802DA008C5AA9 /* Assets.xcassets */,
				04ACEA18213802DA008C5AA9 /* LaunchScreen.storyboard */,
				04ACEA1B213802DA008C5AA9 /* Info.plist */,
				04ACEA1C213802DA008C5AA9 /* main.m */,
				04912DE12146E5CD00A9B874 /* DetailsViewController.h */,
				04912DE22146E5CD00A9B874 /* DetailsViewController.mm */,
				044B6552214A97960098FEF4 /* VideoViewController.h */,
				044B6553214A97960098FEF4 /* VideoViewController.mm */,
				044B6555214A97BF0098FEF4 /* ImageViewController.h */,
				044B6556214A97BF0098FEF4 /* ImageViewController.mm */,
				044B6558214A9B190098FEF4 /* SelectVisualizerTypeController.h */,
				044B6559214A9B190098FEF4 /* SelectVisualizerTypeController.mm */,
				044B6573214AC4AA0098FEF4 /* MapViewController.h */,
				044B6574214AC4AA0098FEF4 /* MapViewController.m */,
				044B6578214ACCC00098FEF4 /* MapPin.h */,
				044B6579214ACCC00098FEF4 /* MapPin.m */,
				04F859F4214BA0C400FF56CD /* CategoryViewController.h */,
				04F859F5214BA0C400FF56CD /* CategoryViewController.mm */,
				04F85A12214BEF0500FF56CD /* DetailsViewController2.h */,
				04F85A13214BEF0500FF56CD /* DetailsViewController2.mm */,
				04F85A15214BF91B00FF56CD /* ColorPalleteViewController.h */,
				04F85A16214BF91B00FF56CD /* ColorPalleteViewController.m */,
			);
			path = ObjTables;
			sourceTree = "<group>";
		};
		04ACEA232138087B008C5AA9 /* Cells */ = {
			isa = PBXGroup;
			children = (
				04ACEA24213808A5008C5AA9 /* SimpleTableCell.xib */,
				04ACEA26213809D5008C5AA9 /* SimpleTableViewCell.h */,
				04ACEA27213809D5008C5AA9 /* SimpleTableViewCell.m */,
				044B653A214A808C0098FEF4 /* SimpleTableViewCell1.h */,
				044B653B214A808C0098FEF4 /* SimpleTableViewCell1.m */,
				044B653C214A808C0098FEF4 /* SimpleTableViewCell1.xib */,
				044B6541214A80D90098FEF4 /* SimpleTableViewCell2.h */,
				044B6542214A80D90098FEF4 /* SimpleTableViewCell2.m */,
				044B6543214A80D90098FEF4 /* SimpleTableViewCell2.xib */,
				044B655B214A9B5A0098FEF4 /* VideoViewCell.h */,
				044B655C214A9B5A0098FEF4 /* VideoViewCell.m */,
				044B655D214A9B5A0098FEF4 /* VideoViewCell.xib */,
				044B6560214A9B710098FEF4 /* ImageViewCell.h */,
				044B6561214A9B710098FEF4 /* ImageViewCell.m */,
				044B6562214A9B710098FEF4 /* ImageViewCell.xib */,
				04F859F7214BA28300FF56CD /* nonDecorativeViewCell.h */,
				04F859F8214BA28300FF56CD /* nonDecorativeViewCell.m */,
				04F859F9214BA28300FF56CD /* nonDecorativeViewCell.xib */,
				04F859FC214BA29D00FF56CD /* decorativeViewCell.h */,
				04F859FD214BA29D00FF56CD /* decorativeViewCell.m */,
				04F859FE214BA29D00FF56CD /* decorativeViewCell.xib */,
				04F85A01214BD39F00FF56CD /* DetailsViewCell1.h */,
				04F85A02214BD39F00FF56CD /* DetailsViewCell1.m */,
				04F85A03214BD39F00FF56CD /* DetailsViewCell1.xib */,
				04F85A0D214BEED500FF56CD /* DetailsViewCell2.h */,
				04F85A0E214BEED500FF56CD /* DetailsViewCell2.m */,
				04F85A0F214BEED500FF56CD /* DetailsViewCell2.xib */,
			);
			path = Cells;
			sourceTree = "<group>";
		};
		04ACEA2921380F9E008C5AA9 /* images */ = {
			isa = PBXGroup;
			children = (
				04ACEA2A21380FCB008C5AA9 /* realngn.png */,
			);
			path = images;
			sourceTree = "<group>";
		};
		04AE06F8214990B60026F25A /* Frameworks */ = {
			isa = PBXGroup;
			children = (
				044B6576214AC5640098FEF4 /* MapKit.framework */,
				04AE06FF214990B60026F25A /* Accelerate.framework */,
				04AE06FB214990B60026F25A /* AssetsLibrary.framework */,
				04AE06FA214990B60026F25A /* AVFoundation.framework */,
				04AE06F9214990B60026F25A /* CoreGraphics.framework */,
				04AE06FC214990B60026F25A /* CoreMedia.framework */,
				04AE06FD214990B60026F25A /* CoreVideo.framework */,
				04AE06FE214990B60026F25A /* QuartzCore.framework */,
			);
			name = Frameworks;
			sourceTree = "<group>";
		};
		04F85A06214BD50700FF56CD /* Models */ = {
			isa = PBXGroup;
			children = (
				04F85A07214BD52C00FF56CD /* NonDecorative.h */,
				04F85A08214BD52C00FF56CD /* NonDecorative.m */,
				04F85A0A214BD61C00FF56CD /* Decorative.h */,
				04F85A0B214BD61C00FF56CD /* Decorative.m */,
			);
			path = Models;
			sourceTree = "<group>";
		};
/* End PBXGroup section */

/* Begin PBXNativeTarget section */
		04ACEA09213802D8008C5AA9 /* ObjTables */ = {
			isa = PBXNativeTarget;
			buildConfigurationList = 04ACEA20213802DA008C5AA9 /* Build configuration list for PBXNativeTarget "ObjTables" */;
			buildPhases = (
				04ACEA06213802D8008C5AA9 /* Sources */,
				04ACEA07213802D8008C5AA9 /* Frameworks */,
				04ACEA08213802D8008C5AA9 /* Resources */,
			);
			buildRules = (
			);
			dependencies = (
			);
			name = ObjTables;
			productName = ObjTables;
			productReference = 04ACEA0A213802D8008C5AA9 /* ObjTables.app */;
			productType = "com.apple.product-type.application";
		};
/* End PBXNativeTarget section */

/* Begin PBXProject section */
		04ACEA02213802D8008C5AA9 /* Project object */ = {
			isa = PBXProject;
			attributes = {
				LastUpgradeCheck = 0940;
				ORGANIZATIONNAME = bergerpaint;
				TargetAttributes = {
					04ACEA09213802D8008C5AA9 = {
						CreatedOnToolsVersion = 9.4.1;
					};
				};
			};
			buildConfigurationList = 04ACEA05213802D8008C5AA9 /* Build configuration list for PBXProject "ObjTables" */;
			compatibilityVersion = "Xcode 9.3";
			developmentRegion = en;
			hasScannedForEncodings = 0;
			knownRegions = (
				en,
				Base,
			);
			mainGroup = 04ACEA01213802D8008C5AA9;
			productRefGroup = 04ACEA0B213802D8008C5AA9 /* Products */;
			projectDirPath = "";
			projectRoot = "";
			targets = (
				04ACEA09213802D8008C5AA9 /* ObjTables */,
			);
		};
/* End PBXProject section */

/* Begin PBXResourcesBuildPhase section */
		04ACEA08213802D8008C5AA9 /* Resources */ = {
			isa = PBXResourcesBuildPhase;
			buildActionMask = 2147483647;
			files = (
				044B6545214A80D90098FEF4 /* SimpleTableViewCell2.xib in Resources */,
				044B6549214A8E2F0098FEF4 /* eye3@1x.png in Resources */,
				04AE070E2149942C0026F25A /* ass.png in Resources */,
				044B6551214A8FAE0098FEF4 /* location3@1x.png in Resources */,
				04ACEA2B21380FCB008C5AA9 /* realngn.png in Resources */,
				04F85A05214BD39F00FF56CD /* DetailsViewCell1.xib in Resources */,
				04ACEA1A213802DA008C5AA9 /* LaunchScreen.storyboard in Resources */,
				04F85A00214BA29D00FF56CD /* decorativeViewCell.xib in Resources */,
				04ACEA17213802DA008C5AA9 /* Assets.xcassets in Resources */,
				044B656D214AA0260098FEF4 /* indoor3@1x.png in Resources */,
				04AE070B2149942C0026F25A /* me.png in Resources */,
				044B656C214AA0260098FEF4 /* indoor5@3x.png in Resources */,
				04ACEA25213808A5008C5AA9 /* SimpleTableCell.xib in Resources */,
				044B6572214AB0340098FEF4 /* xleftpng.png in Resources */,
				044B6564214A9B710098FEF4 /* ImageViewCell.xib in Resources */,
				044B654F214A8FAE0098FEF4 /* location4@2x.png in Resources */,
				04F859FB214BA28300FF56CD /* nonDecorativeViewCell.xib in Resources */,
				044B655F214A9B5A0098FEF4 /* VideoViewCell.xib in Resources */,
				04F85A11214BEED500FF56CD /* DetailsViewCell2.xib in Resources */,
				04ACEA15213802D8008C5AA9 /* Main.storyboard in Resources */,
				04AE070D2149942C0026F25A /* bae.jpg in Resources */,
				044B654A214A8E2F0098FEF4 /* eye5@3x.png in Resources */,
				044B6550214A8FAE0098FEF4 /* location5@3x.png in Resources */,
				04AE070C2149942C0026F25A /* room.jpg in Resources */,
				044B653E214A808C0098FEF4 /* SimpleTableViewCell1.xib in Resources */,
				044B656E214AA0260098FEF4 /* indoor4@2x.png in Resources */,
				044B654B214A8E2F0098FEF4 /* eye4@2x.png in Resources */,
			);
			runOnlyForDeploymentPostprocessing = 0;
		};
/* End PBXResourcesBuildPhase section */

/* Begin PBXSourcesBuildPhase section */
		04ACEA06213802D8008C5AA9 /* Sources */ = {
			isa = PBXSourcesBuildPhase;
			buildActionMask = 2147483647;
			files = (
				04F859FF214BA29D00FF56CD /* decorativeViewCell.m in Sources */,
				04F859F6214BA0C400FF56CD /* CategoryViewController.mm in Sources */,
				04F85A0C214BD61C00FF56CD /* Decorative.m in Sources */,
				044B6563214A9B710098FEF4 /* ImageViewCell.m in Sources */,
				04F85A10214BEED500FF56CD /* DetailsViewCell2.m in Sources */,
				04ACEA12213802D8008C5AA9 /* ViewController.mm in Sources */,
				04912DE32146E5CD00A9B874 /* DetailsViewController.mm in Sources */,
				044B655A214A9B190098FEF4 /* SelectVisualizerTypeController.mm in Sources */,
				04ACEA28213809D5008C5AA9 /* SimpleTableViewCell.m in Sources */,
				04F85A04214BD39F00FF56CD /* DetailsViewCell1.m in Sources */,
				044B653D214A808C0098FEF4 /* SimpleTableViewCell1.m in Sources */,
				044B657A214ACCC00098FEF4 /* MapPin.m in Sources */,
				04F85A17214BF91B00FF56CD /* ColorPalleteViewController.m in Sources */,
				044B6568214A9C3D0098FEF4 /* cardview.m in Sources */,
				04ACEA1D213802DA008C5AA9 /* main.m in Sources */,
				04ACEA0F213802D8008C5AA9 /* AppDelegate.m in Sources */,
				044B6557214A97BF0098FEF4 /* ImageViewController.mm in Sources */,
				04F859FA214BA28300FF56CD /* nonDecorativeViewCell.m in Sources */,
				044B6554214A97960098FEF4 /* VideoViewController.mm in Sources */,
				044B655E214A9B5A0098FEF4 /* VideoViewCell.m in Sources */,
				044B6544214A80D90098FEF4 /* SimpleTableViewCell2.m in Sources */,
				04F85A14214BEF0500FF56CD /* DetailsViewController2.mm in Sources */,
				044B6575214AC4AA0098FEF4 /* MapViewController.m in Sources */,
				04F85A09214BD52C00FF56CD /* NonDecorative.m in Sources */,
			);
			runOnlyForDeploymentPostprocessing = 0;
		};
/* End PBXSourcesBuildPhase section */

/* Begin PBXVariantGroup section */
		04ACEA13213802D8008C5AA9 /* Main.storyboard */ = {
			isa = PBXVariantGroup;
			children = (
				04ACEA14213802D8008C5AA9 /* Base */,
			);
			name = Main.storyboard;
			sourceTree = "<group>";
		};
		04ACEA18213802DA008C5AA9 /* LaunchScreen.storyboard */ = {
			isa = PBXVariantGroup;
			children = (
				04ACEA19213802DA008C5AA9 /* Base */,
			);
			name = LaunchScreen.storyboard;
			sourceTree = "<group>";
		};
/* End PBXVariantGroup section */

/* Begin XCBuildConfiguration section */
		04ACEA1E213802DA008C5AA9 /* Debug */ = {
			isa = XCBuildConfiguration;
			buildSettings = {
				ALWAYS_SEARCH_USER_PATHS = NO;
				CLANG_ANALYZER_NONNULL = YES;
				CLANG_ANALYZER_NUMBER_OBJECT_CONVERSION = YES_AGGRESSIVE;
				CLANG_CXX_LANGUAGE_STANDARD = "gnu++14";
				CLANG_CXX_LIBRARY = "libc++";
				CLANG_ENABLE_MODULES = YES;
				CLANG_ENABLE_OBJC_ARC = YES;
				CLANG_ENABLE_OBJC_WEAK = YES;
				CLANG_WARN_BLOCK_CAPTURE_AUTORELEASING = YES;
				CLANG_WARN_BOOL_CONVERSION = YES;
				CLANG_WARN_COMMA = YES;
				CLANG_WARN_CONSTANT_CONVERSION = YES;
				CLANG_WARN_DEPRECATED_OBJC_IMPLEMENTATIONS = YES;
				CLANG_WARN_DIRECT_OBJC_ISA_USAGE = YES_ERROR;
				CLANG_WARN_DOCUMENTATION_COMMENTS = YES;
				CLANG_WARN_EMPTY_BODY = YES;
				CLANG_WARN_ENUM_CONVERSION = YES;
				CLANG_WARN_INFINITE_RECURSION = YES;
				CLANG_WARN_INT_CONVERSION = YES;
				CLANG_WARN_NON_LITERAL_NULL_CONVERSION = YES;
				CLANG_WARN_OBJC_IMPLICIT_RETAIN_SELF = YES;
				CLANG_WARN_OBJC_LITERAL_CONVERSION = YES;
				CLANG_WARN_OBJC_ROOT_CLASS = YES_ERROR;
				CLANG_WARN_RANGE_LOOP_ANALYSIS = YES;
				CLANG_WARN_STRICT_PROTOTYPES = YES;
				CLANG_WARN_SUSPICIOUS_MOVE = YES;
				CLANG_WARN_UNGUARDED_AVAILABILITY = YES_AGGRESSIVE;
				CLANG_WARN_UNREACHABLE_CODE = YES;
				CLANG_WARN__DUPLICATE_METHOD_MATCH = YES;
				CODE_SIGN_IDENTITY = "iPhone Developer";
				COPY_PHASE_STRIP = NO;
				DEBUG_INFORMATION_FORMAT = dwarf;
				ENABLE_STRICT_OBJC_MSGSEND = YES;
				ENABLE_TESTABILITY = YES;
				GCC_C_LANGUAGE_STANDARD = gnu11;
				GCC_DYNAMIC_NO_PIC = NO;
				GCC_NO_COMMON_BLOCKS = YES;
				GCC_OPTIMIZATION_LEVEL = 0;
				GCC_PREPROCESSOR_DEFINITIONS = (
					"DEBUG=1",
					"$(inherited)",
				);
				GCC_WARN_64_TO_32_BIT_CONVERSION = YES;
				GCC_WARN_ABOUT_RETURN_TYPE = YES_ERROR;
				GCC_WARN_UNDECLARED_SELECTOR = YES;
				GCC_WARN_UNINITIALIZED_AUTOS = YES_AGGRESSIVE;
				GCC_WARN_UNUSED_FUNCTION = YES;
				GCC_WARN_UNUSED_VARIABLE = YES;
				IPHONEOS_DEPLOYMENT_TARGET = 11.4;
				MTL_ENABLE_DEBUG_INFO = YES;
				ONLY_ACTIVE_ARCH = YES;
				SDKROOT = iphoneos;
			};
			name = Debug;
		};
		04ACEA1F213802DA008C5AA9 /* Release */ = {
			isa = XCBuildConfiguration;
			buildSettings = {
				ALWAYS_SEARCH_USER_PATHS = NO;
				CLANG_ANALYZER_NONNULL = YES;
				CLANG_ANALYZER_NUMBER_OBJECT_CONVERSION = YES_AGGRESSIVE;
				CLANG_CXX_LANGUAGE_STANDARD = "gnu++14";
				CLANG_CXX_LIBRARY = "libc++";
				CLANG_ENABLE_MODULES = YES;
				CLANG_ENABLE_OBJC_ARC = YES;
				CLANG_ENABLE_OBJC_WEAK = YES;
				CLANG_WARN_BLOCK_CAPTURE_AUTORELEASING = YES;
				CLANG_WARN_BOOL_CONVERSION = YES;
				CLANG_WARN_COMMA = YES;
				CLANG_WARN_CONSTANT_CONVERSION = YES;
				CLANG_WARN_DEPRECATED_OBJC_IMPLEMENTATIONS = YES;
				CLANG_WARN_DIRECT_OBJC_ISA_USAGE = YES_ERROR;
				CLANG_WARN_DOCUMENTATION_COMMENTS = YES;
				CLANG_WARN_EMPTY_BODY = YES;
				CLANG_WARN_ENUM_CONVERSION = YES;
				CLANG_WARN_INFINITE_RECURSION = YES;
				CLANG_WARN_INT_CONVERSION = YES;
				CLANG_WARN_NON_LITERAL_NULL_CONVERSION = YES;
				CLANG_WARN_OBJC_IMPLICIT_RETAIN_SELF = YES;
				CLANG_WARN_OBJC_LITERAL_CONVERSION = YES;
				CLANG_WARN_OBJC_ROOT_CLASS = YES_ERROR;
				CLANG_WARN_RANGE_LOOP_ANALYSIS = YES;
				CLANG_WARN_STRICT_PROTOTYPES = YES;
				CLANG_WARN_SUSPICIOUS_MOVE = YES;
				CLANG_WARN_UNGUARDED_AVAILABILITY = YES_AGGRESSIVE;
				CLANG_WARN_UNREACHABLE_CODE = YES;
				CLANG_WARN__DUPLICATE_METHOD_MATCH = YES;
				CODE_SIGN_IDENTITY = "iPhone Developer";
				COPY_PHASE_STRIP = NO;
				DEBUG_INFORMATION_FORMAT = "dwarf-with-dsym";
				ENABLE_NS_ASSERTIONS = NO;
				ENABLE_STRICT_OBJC_MSGSEND = YES;
				GCC_C_LANGUAGE_STANDARD = gnu11;
				GCC_NO_COMMON_BLOCKS = YES;
				GCC_WARN_64_TO_32_BIT_CONVERSION = YES;
				GCC_WARN_ABOUT_RETURN_TYPE = YES_ERROR;
				GCC_WARN_UNDECLARED_SELECTOR = YES;
				GCC_WARN_UNINITIALIZED_AUTOS = YES_AGGRESSIVE;
				GCC_WARN_UNUSED_FUNCTION = YES;
				GCC_WARN_UNUSED_VARIABLE = YES;
				IPHONEOS_DEPLOYMENT_TARGET = 11.4;
				MTL_ENABLE_DEBUG_INFO = NO;
				SDKROOT = iphoneos;
				VALIDATE_PRODUCT = YES;
			};
			name = Release;
		};
		04ACEA21213802DA008C5AA9 /* Debug */ = {
			isa = XCBuildConfiguration;
			buildSettings = {
				ASSETCATALOG_COMPILER_APPICON_NAME = AppIcon;
				CODE_SIGN_STYLE = Automatic;
				DEVELOPMENT_TEAM = 9C9HBBN847;
				FRAMEWORK_SEARCH_PATHS = /Users/mac/Downloads;
				HEADER_SEARCH_PATHS = /Users/mac/Downloads;
				INFOPLIST_FILE = ObjTables/Info.plist;
				IPHONEOS_DEPLOYMENT_TARGET = 11.4;
				LD_RUNPATH_SEARCH_PATHS = (
					"$(inherited)",
					"@executable_path/Frameworks",
				);
				LIBRARY_SEARCH_PATHS = /Users/mac/Downloads;
				PRODUCT_BUNDLE_IDENTIFIER = codeofrobin.helloOpenCV;
				PRODUCT_NAME = "$(TARGET_NAME)";
				TARGETED_DEVICE_FAMILY = "1,2";
			};
			name = Debug;
		};
		04ACEA22213802DA008C5AA9 /* Release */ = {
			isa = XCBuildConfiguration;
			buildSettings = {
				ASSETCATALOG_COMPILER_APPICON_NAME = AppIcon;
				CODE_SIGN_STYLE = Automatic;
				DEVELOPMENT_TEAM = 9C9HBBN847;
				FRAMEWORK_SEARCH_PATHS = /Users/mac/Downloads;
				HEADER_SEARCH_PATHS = /Users/mac/Downloads;
				INFOPLIST_FILE = ObjTables/Info.plist;
				IPHONEOS_DEPLOYMENT_TARGET = 11.4;
				LD_RUNPATH_SEARCH_PATHS = (
					"$(inherited)",
					"@executable_path/Frameworks",
				);
				LIBRARY_SEARCH_PATHS = /Users/mac/Downloads;
				PRODUCT_BUNDLE_IDENTIFIER = codeofrobin.helloOpenCV;
				PRODUCT_NAME = "$(TARGET_NAME)";
				TARGETED_DEVICE_FAMILY = "1,2";
			};
			name = Release;
		};
/* End XCBuildConfiguration section */

/* Begin XCConfigurationList section */
		04ACEA05213802D8008C5AA9 /* Build configuration list for PBXProject "ObjTables" */ = {
			isa = XCConfigurationList;
			buildConfigurations = (
				04ACEA1E213802DA008C5AA9 /* Debug */,
				04ACEA1F213802DA008C5AA9 /* Release */,
			);
			defaultConfigurationIsVisible = 0;
			defaultConfigurationName = Release;
		};
		04ACEA20213802DA008C5AA9 /* Build configuration list for PBXNativeTarget "ObjTables" */ = {
			isa = XCConfigurationList;
			buildConfigurations = (
				04ACEA21213802DA008C5AA9 /* Debug */,
				04ACEA22213802DA008C5AA9 /* Release */,
			);
			defaultConfigurationIsVisible = 0;
			defaultConfigurationName = Release;
		};
/* End XCConfigurationList section */
	};
	rootObject = 04ACEA02213802D8008C5AA9 /* Project object */;
}
